// !$*UTF8*$!
{
	archiveVersion = 1;
	classes = {
	};
	objectVersion = 50;
	objects = {

/* Begin PBXBuildFile section */
		AB3DC4A92294272C006BD29E /* CLTeacher.m in Sources */ = {isa = PBXBuildFile; fileRef = AB3DC4A02294272C006BD29E /* CLTeacher.m */; };
		AB3DC4AA2294272C006BD29E /* CLTeacher+Test2.m in Sources */ = {isa = PBXBuildFile; fileRef = AB3DC4A12294272C006BD29E /* CLTeacher+Test2.m */; };
		AB3DC4AB2294272C006BD29E /* CLRiver.m in Sources */ = {isa = PBXBuildFile; fileRef = AB3DC4A22294272C006BD29E /* CLRiver.m */; };
		AB3DC4AC2294272C006BD29E /* CLTeacher+Test.m in Sources */ = {isa = PBXBuildFile; fileRef = AB3DC4A52294272C006BD29E /* CLTeacher+Test.m */; };
		AB3DC4AD2294272C006BD29E /* CLTree.m in Sources */ = {isa = PBXBuildFile; fileRef = AB3DC4A72294272C006BD29E /* CLTree.m */; };
		AB3DC4B42294273B006BD29E /* Student+Test.m in Sources */ = {isa = PBXBuildFile; fileRef = AB3DC4AE2294273B006BD29E /* Student+Test.m */; };
		AB3DC4B52294273B006BD29E /* Student+Test2.m in Sources */ = {isa = PBXBuildFile; fileRef = AB3DC4AF2294273B006BD29E /* Student+Test2.m */; };
		AB3DC4B62294273B006BD29E /* Student.m in Sources */ = {isa = PBXBuildFile; fileRef = AB3DC4B22294273B006BD29E /* Student.m */; };
		ABFB66EA22890F0A00399A49 /* main.m in Sources */ = {isa = PBXBuildFile; fileRef = ABFB66E922890F0A00399A49 /* main.m */; };
		ABFB66FE22890F4000399A49 /* CLPerson.m in Sources */ = {isa = PBXBuildFile; fileRef = ABFB66F222890F3F00399A49 /* CLPerson.m */; };
		ABFB66FF22890F4000399A49 /* CLPerson+Test2.m in Sources */ = {isa = PBXBuildFile; fileRef = ABFB66F522890F3F00399A49 /* CLPerson+Test2.m */; };
		ABFB670022890F4000399A49 /* CLPerson+Test.m in Sources */ = {isa = PBXBuildFile; fileRef = ABFB66F922890F4000399A49 /* CLPerson+Test.m */; };
/* End PBXBuildFile section */

/* Begin PBXCopyFilesBuildPhase section */
		ABFB66E422890F0A00399A49 /* CopyFiles */ = {
			isa = PBXCopyFilesBuildPhase;
			buildActionMask = 2147483647;
			dstPath = /usr/share/man/man1/;
			dstSubfolderSpec = 0;
			files = (
			);
			runOnlyForDeploymentPostprocessing = 1;
		};
/* End PBXCopyFilesBuildPhase section */

/* Begin PBXFileReference section */
		AB3DC49F2294272C006BD29E /* CLTeacher.h */ = {isa = PBXFileReference; fileEncoding = 4; lastKnownFileType = sourcecode.c.h; path = CLTeacher.h; sourceTree = "<group>"; };
		AB3DC4A02294272C006BD29E /* CLTeacher.m */ = {isa = PBXFileReference; fileEncoding = 4; lastKnownFileType = sourcecode.c.objc; path = CLTeacher.m; sourceTree = "<group>"; };
		AB3DC4A12294272C006BD29E /* CLTeacher+Test2.m */ = {isa = PBXFileReference; fileEncoding = 4; lastKnownFileType = sourcecode.c.objc; path = "CLTeacher+Test2.m"; sourceTree = "<group>"; };
		AB3DC4A22294272C006BD29E /* CLRiver.m */ = {isa = PBXFileReference; fileEncoding = 4; lastKnownFileType = sourcecode.c.objc; path = CLRiver.m; sourceTree = "<group>"; };
		AB3DC4A32294272C006BD29E /* CLTree.h */ = {isa = PBXFileReference; fileEncoding = 4; lastKnownFileType = sourcecode.c.h; path = CLTree.h; sourceTree = "<group>"; };
		AB3DC4A42294272C006BD29E /* CLTeacher+Test.h */ = {isa = PBXFileReference; fileEncoding = 4; lastKnownFileType = sourcecode.c.h; path = "CLTeacher+Test.h"; sourceTree = "<group>"; };
		AB3DC4A52294272C006BD29E /* CLTeacher+Test.m */ = {isa = PBXFileReference; fileEncoding = 4; lastKnownFileType = sourcecode.c.objc; path = "CLTeacher+Test.m"; sourceTree = "<group>"; };
		AB3DC4A62294272C006BD29E /* CLTeacher+Test2.h */ = {isa = PBXFileReference; fileEncoding = 4; lastKnownFileType = sourcecode.c.h; path = "CLTeacher+Test2.h"; sourceTree = "<group>"; };
		AB3DC4A72294272C006BD29E /* CLTree.m */ = {isa = PBXFileReference; fileEncoding = 4; lastKnownFileType = sourcecode.c.objc; path = CLTree.m; sourceTree = "<group>"; };
		AB3DC4A82294272C006BD29E /* CLRiver.h */ = {isa = PBXFileReference; fileEncoding = 4; lastKnownFileType = sourcecode.c.h; path = CLRiver.h; sourceTree = "<group>"; };
		AB3DC4AE2294273B006BD29E /* Student+Test.m */ = {isa = PBXFileReference; fileEncoding = 4; lastKnownFileType = sourcecode.c.objc; path = "Student+Test.m"; sourceTree = "<group>"; };
		AB3DC4AF2294273B006BD29E /* Student+Test2.m */ = {isa = PBXFileReference; fileEncoding = 4; lastKnownFileType = sourcecode.c.objc; path = "Student+Test2.m"; sourceTree = "<group>"; };
		AB3DC4B02294273B006BD29E /* Student+Test2.h */ = {isa = PBXFileReference; fileEncoding = 4; lastKnownFileType = sourcecode.c.h; path = "Student+Test2.h"; sourceTree = "<group>"; };
		AB3DC4B12294273B006BD29E /* Student.h */ = {isa = PBXFileReference; fileEncoding = 4; lastKnownFileType = sourcecode.c.h; path = Student.h; sourceTree = "<group>"; };
		AB3DC4B22294273B006BD29E /* Student.m */ = {isa = PBXFileReference; fileEncoding = 4; lastKnownFileType = sourcecode.c.objc; path = Student.m; sourceTree = "<group>"; };
		AB3DC4B32294273B006BD29E /* Student+Test.h */ = {isa = PBXFileReference; fileEncoding = 4; lastKnownFileType = sourcecode.c.h; path = "Student+Test.h"; sourceTree = "<group>"; };
		ABFB66E622890F0A00399A49 /* OBJC_LoadMethod */ = {isa = PBXFileReference; explicitFileType = "compiled.mach-o.executable"; includeInIndex = 0; path = OBJC_LoadMethod; sourceTree = BUILT_PRODUCTS_DIR; };
		ABFB66E922890F0A00399A49 /* main.m */ = {isa = PBXFileReference; lastKnownFileType = sourcecode.c.objc; path = main.m; sourceTree = "<group>"; };
		ABFB66F222890F3F00399A49 /* CLPerson.m */ = {isa = PBXFileReference; fileEncoding = 4; lastKnownFileType = sourcecode.c.objc; path = CLPerson.m; sourceTree = "<group>"; };
		ABFB66F322890F3F00399A49 /* CLPerson+Test.h */ = {isa = PBXFileReference; fileEncoding = 4; lastKnownFileType = sourcecode.c.h; path = "CLPerson+Test.h"; sourceTree = "<group>"; };
		ABFB66F522890F3F00399A49 /* CLPerson+Test2.m */ = {isa = PBXFileReference; fileEncoding = 4; lastKnownFileType = sourcecode.c.objc; path = "CLPerson+Test2.m"; sourceTree = "<group>"; };
		ABFB66F622890F3F00399A49 /* CLPerson.h */ = {isa = PBXFileReference; fileEncoding = 4; lastKnownFileType = sourcecode.c.h; path = CLPerson.h; sourceTree = "<group>"; };
		ABFB66F922890F4000399A49 /* CLPerson+Test.m */ = {isa = PBXFileReference; fileEncoding = 4; lastKnownFileType = sourcecode.c.objc; path = "CLPerson+Test.m"; sourceTree = "<group>"; };
		ABFB66FA22890F4000399A49 /* CLPerson+Test2.h */ = {isa = PBXFileReference; fileEncoding = 4; lastKnownFileType = sourcecode.c.h; path = "CLPerson+Test2.h"; sourceTree = "<group>"; };
/* End PBXFileReference section */

/* Begin PBXFrameworksBuildPhase section */
		ABFB66E322890F0A00399A49 /* Frameworks */ = {
			isa = PBXFrameworksBuildPhase;
			buildActionMask = 2147483647;
			files = (
			);
			runOnlyForDeploymentPostprocessing = 0;
		};
/* End PBXFrameworksBuildPhase section */

/* Begin PBXGroup section */
		ABFB66DD22890F0A00399A49 = {
			isa = PBXGroup;
			children = (
				ABFB66E822890F0A00399A49 /* OBJC_LoadMethod */,
				ABFB66E722890F0A00399A49 /* Products */,
			);
			sourceTree = "<group>";
		};
		ABFB66E722890F0A00399A49 /* Products */ = {
			isa = PBXGroup;
			children = (
				ABFB66E622890F0A00399A49 /* OBJC_LoadMethod */,
			);
			name = Products;
			sourceTree = "<group>";
		};
		ABFB66E822890F0A00399A49 /* OBJC_LoadMethod */ = {
			isa = PBXGroup;
			children = (
				ABFB66E922890F0A00399A49 /* main.m */,
				ABFB66F622890F3F00399A49 /* CLPerson.h */,
				ABFB66F222890F3F00399A49 /* CLPerson.m */,
				ABFB66F322890F3F00399A49 /* CLPerson+Test.h */,
				ABFB66F922890F4000399A49 /* CLPerson+Test.m */,
				ABFB66FA22890F4000399A49 /* CLPerson+Test2.h */,
				ABFB66F522890F3F00399A49 /* CLPerson+Test2.m */,
				AB3DC4A82294272C006BD29E /* CLRiver.h */,
				AB3DC4A22294272C006BD29E /* CLRiver.m */,
				AB3DC49F2294272C006BD29E /* CLTeacher.h */,
				AB3DC4A02294272C006BD29E /* CLTeacher.m */,
				AB3DC4A42294272C006BD29E /* CLTeacher+Test.h */,
				AB3DC4A52294272C006BD29E /* CLTeacher+Test.m */,
				AB3DC4A62294272C006BD29E /* CLTeacher+Test2.h */,
				AB3DC4A12294272C006BD29E /* CLTeacher+Test2.m */,
				AB3DC4A32294272C006BD29E /* CLTree.h */,
				AB3DC4A72294272C006BD29E /* CLTree.m */,
				AB3DC4B12294273B006BD29E /* Student.h */,
				AB3DC4B22294273B006BD29E /* Student.m */,
				AB3DC4B32294273B006BD29E /* Student+Test.h */,
				AB3DC4AE2294273B006BD29E /* Student+Test.m */,
				AB3DC4B02294273B006BD29E /* Student+Test2.h */,
				AB3DC4AF2294273B006BD29E /* Student+Test2.m */,
			);
			path = OBJC_LoadMethod;
			sourceTree = "<group>";
		};
/* End PBXGroup section */

/* Begin PBXNativeTarget section */
		ABFB66E522890F0A00399A49 /* OBJC_LoadMethod */ = {
			isa = PBXNativeTarget;
			buildConfigurationList = ABFB66ED22890F0A00399A49 /* Build configuration list for PBXNativeTarget "OBJC_LoadMethod" */;
			buildPhases = (
				ABFB66E222890F0A00399A49 /* Sources */,
				ABFB66E322890F0A00399A49 /* Frameworks */,
				ABFB66E422890F0A00399A49 /* CopyFiles */,
			);
			buildRules = (
			);
			dependencies = (
			);
			name = OBJC_LoadMethod;
			productName = OBJC_LoadMethod;
			productReference = ABFB66E622890F0A00399A49 /* OBJC_LoadMethod */;
			productType = "com.apple.product-type.tool";
		};
/* End PBXNativeTarget section */

/* Begin PBXProject section */
		ABFB66DE22890F0A00399A49 /* Project object */ = {
			isa = PBXProject;
			attributes = {
				LastUpgradeCheck = 1020;
				ORGANIZATIONNAME = RUNNING_NIUER;
				TargetAttributes = {
					ABFB66E522890F0A00399A49 = {
						CreatedOnToolsVersion = 10.2.1;
					};
				};
			};
			buildConfigurationList = ABFB66E122890F0A00399A49 /* Build configuration list for PBXProject "OBJC_LoadMethod" */;
			compatibilityVersion = "Xcode 9.3";
			developmentRegion = en;
			hasScannedForEncodings = 0;
			knownRegions = (
				en,
			);
			mainGroup = ABFB66DD22890F0A00399A49;
			productRefGroup = ABFB66E722890F0A00399A49 /* Products */;
			projectDirPath = "";
			projectRoot = "";
			targets = (
				ABFB66E522890F0A00399A49 /* OBJC_LoadMethod */,
			);
		};
/* End PBXProject section */

/* Begin PBXSourcesBuildPhase section */
		ABFB66E222890F0A00399A49 /* Sources */ = {
			isa = PBXSourcesBuildPhase;
			buildActionMask = 2147483647;
			files = (
				AB3DC4B52294273B006BD29E /* Student+Test2.m in Sources */,
				AB3DC4A92294272C006BD29E /* CLTeacher.m in Sources */,
				AB3DC4AC2294272C006BD29E /* CLTeacher+Test.m in Sources */,
				AB3DC4AD2294272C006BD29E /* CLTree.m in Sources */,
				AB3DC4B42294273B006BD29E /* Student+Test.m in Sources */,
				ABFB66EA22890F0A00399A49 /* main.m in Sources */,
				ABFB670022890F4000399A49 /* CLPerson+Test.m in Sources */,
				AB3DC4AB2294272C006BD29E /* CLRiver.m in Sources */,
				ABFB66FF22890F4000399A49 /* CLPerson+Test2.m in Sources */,
				AB3DC4AA2294272C006BD29E /* CLTeacher+Test2.m in Sources */,
				ABFB66FE22890F4000399A49 /* CLPerson.m in Sources */,
				AB3DC4B62294273B006BD29E /* Student.m in Sources */,
			);
			runOnlyForDeploymentPostprocessing = 0;
		};
/* End PBXSourcesBuildPhase section */

/* Begin XCBuildConfiguration section */
		ABFB66EB22890F0A00399A49 /* Debug */ = {
			isa = XCBuildConfiguration;
			buildSettings = {
				ALWAYS_SEARCH_USER_PATHS = NO;
				CLANG_ANALYZER_NONNULL = YES;
				CLANG_ANALYZER_NUMBER_OBJECT_CONVERSION = YES_AGGRESSIVE;
				CLANG_CXX_LANGUAGE_STANDARD = "gnu++14";
				CLANG_CXX_LIBRARY = "libc++";
				CLANG_ENABLE_MODULES = YES;
				CLANG_ENABLE_OBJC_ARC = YES;
				CLANG_ENABLE_OBJC_WEAK = YES;
				CLANG_WARN_BLOCK_CAPTURE_AUTORELEASING = YES;
				CLANG_WARN_BOOL_CONVERSION = YES;
				CLANG_WARN_COMMA = YES;
				CLANG_WARN_CONSTANT_CONVERSION = YES;
				CLANG_WARN_DEPRECATED_OBJC_IMPLEMENTATIONS = YES;
				CLANG_WARN_DIRECT_OBJC_ISA_USAGE = YES_ERROR;
				CLANG_WARN_DOCUMENTATION_COMMENTS = YES;
				CLANG_WARN_EMPTY_BODY = YES;
				CLANG_WARN_ENUM_CONVERSION = YES;
				CLANG_WARN_INFINITE_RECURSION = YES;
				CLANG_WARN_INT_CONVERSION = YES;
				CLANG_WARN_NON_LITERAL_NULL_CONVERSION = YES;
				CLANG_WARN_OBJC_IMPLICIT_RETAIN_SELF = YES;
				CLANG_WARN_OBJC_LITERAL_CONVERSION = YES;
				CLANG_WARN_OBJC_ROOT_CLASS = YES_ERROR;
				CLANG_WARN_RANGE_LOOP_ANALYSIS = YES;
				CLANG_WARN_STRICT_PROTOTYPES = YES;
				CLANG_WARN_SUSPICIOUS_MOVE = YES;
				CLANG_WARN_UNGUARDED_AVAILABILITY = YES_AGGRESSIVE;
				CLANG_WARN_UNREACHABLE_CODE = YES;
				CLANG_WARN__DUPLICATE_METHOD_MATCH = YES;
				CODE_SIGN_IDENTITY = "-";
				COPY_PHASE_STRIP = NO;
				DEBUG_INFORMATION_FORMAT = dwarf;
				ENABLE_STRICT_OBJC_MSGSEND = YES;
				ENABLE_TESTABILITY = YES;
				GCC_C_LANGUAGE_STANDARD = gnu11;
				GCC_DYNAMIC_NO_PIC = NO;
				GCC_NO_COMMON_BLOCKS = YES;
				GCC_OPTIMIZATION_LEVEL = 0;
				GCC_PREPROCESSOR_DEFINITIONS = (
					"DEBUG=1",
					"$(inherited)",
				);
				GCC_WARN_64_TO_32_BIT_CONVERSION = YES;
				GCC_WARN_ABOUT_RETURN_TYPE = YES_ERROR;
				GCC_WARN_UNDECLARED_SELECTOR = YES;
				GCC_WARN_UNINITIALIZED_AUTOS = YES_AGGRESSIVE;
				GCC_WARN_UNUSED_FUNCTION = YES;
				GCC_WARN_UNUSED_VARIABLE = YES;
				MACOSX_DEPLOYMENT_TARGET = 10.14;
				MTL_ENABLE_DEBUG_INFO = INCLUDE_SOURCE;
				MTL_FAST_MATH = YES;
				ONLY_ACTIVE_ARCH = YES;
				SDKROOT = macosx;
			};
			name = Debug;
		};
		ABFB66EC22890F0A00399A49 /* Release */ = {
			isa = XCBuildConfiguration;
			buildSettings = {
				ALWAYS_SEARCH_USER_PATHS = NO;
				CLANG_ANALYZER_NONNULL = YES;
				CLANG_ANALYZER_NUMBER_OBJECT_CONVERSION = YES_AGGRESSIVE;
				CLANG_CXX_LANGUAGE_STANDARD = "gnu++14";
				CLANG_CXX_LIBRARY = "libc++";
				CLANG_ENABLE_MODULES = YES;
				CLANG_ENABLE_OBJC_ARC = YES;
				CLANG_ENABLE_OBJC_WEAK = YES;
				CLANG_WARN_BLOCK_CAPTURE_AUTORELEASING = YES;
				CLANG_WARN_BOOL_CONVERSION = YES;
				CLANG_WARN_COMMA = YES;
				CLANG_WARN_CONSTANT_CONVERSION = YES;
				CLANG_WARN_DEPRECATED_OBJC_IMPLEMENTATIONS = YES;
				CLANG_WARN_DIRECT_OBJC_ISA_USAGE = YES_ERROR;
				CLANG_WARN_DOCUMENTATION_COMMENTS = YES;
				CLANG_WARN_EMPTY_BODY = YES;
				CLANG_WARN_ENUM_CONVERSION = YES;
				CLANG_WARN_INFINITE_RECURSION = YES;
				CLANG_WARN_INT_CONVERSION = YES;
				CLANG_WARN_NON_LITERAL_NULL_CONVERSION = YES;
				CLANG_WARN_OBJC_IMPLICIT_RETAIN_SELF = YES;
				CLANG_WARN_OBJC_LITERAL_CONVERSION = YES;
				CLANG_WARN_OBJC_ROOT_CLASS = YES_ERROR;
				CLANG_WARN_RANGE_LOOP_ANALYSIS = YES;
				CLANG_WARN_STRICT_PROTOTYPES = YES;
				CLANG_WARN_SUSPICIOUS_MOVE = YES;
				CLANG_WARN_UNGUARDED_AVAILABILITY = YES_AGGRESSIVE;
				CLANG_WARN_UNREACHABLE_CODE = YES;
				CLANG_WARN__DUPLICATE_METHOD_MATCH = YES;
				CODE_SIGN_IDENTITY = "-";
				COPY_PHASE_STRIP = NO;
				DEBUG_INFORMATION_FORMAT = "dwarf-with-dsym";
				ENABLE_NS_ASSERTIONS = NO;
				ENABLE_STRICT_OBJC_MSGSEND = YES;
				GCC_C_LANGUAGE_STANDARD = gnu11;
				GCC_NO_COMMON_BLOCKS = YES;
				GCC_WARN_64_TO_32_BIT_CONVERSION = YES;
				GCC_WARN_ABOUT_RETURN_TYPE = YES_ERROR;
				GCC_WARN_UNDECLARED_SELECTOR = YES;
				GCC_WARN_UNINITIALIZED_AUTOS = YES_AGGRESSIVE;
				GCC_WARN_UNUSED_FUNCTION = YES;
				GCC_WARN_UNUSED_VARIABLE = YES;
				MACOSX_DEPLOYMENT_TARGET = 10.14;
				MTL_ENABLE_DEBUG_INFO = NO;
				MTL_FAST_MATH = YES;
				SDKROOT = macosx;
			};
			name = Release;
		};
		ABFB66EE22890F0A00399A49 /* Debug */ = {
			isa = XCBuildConfiguration;
			buildSettings = {
				CODE_SIGN_STYLE = Automatic;
				PRODUCT_NAME = "$(TARGET_NAME)";
			};
			name = Debug;
		};
		ABFB66EF22890F0A00399A49 /* Release */ = {
			isa = XCBuildConfiguration;
			buildSettings = {
				CODE_SIGN_STYLE = Automatic;
				PRODUCT_NAME = "$(TARGET_NAME)";
			};
			name = Release;
		};
/* End XCBuildConfiguration section */

/* Begin XCConfigurationList section */
		ABFB66E122890F0A00399A49 /* Build configuration list for PBXProject "OBJC_LoadMethod" */ = {
			isa = XCConfigurationList;
			buildConfigurations = (
				ABFB66EB22890F0A00399A49 /* Debug */,
				ABFB66EC22890F0A00399A49 /* Release */,
			);
			defaultConfigurationIsVisible = 0;
			defaultConfigurationName = Release;
		};
		ABFB66ED22890F0A00399A49 /* Build configuration list for PBXNativeTarget "OBJC_LoadMethod" */ = {
			isa = XCConfigurationList;
			buildConfigurations = (
				ABFB66EE22890F0A00399A49 /* Debug */,
				ABFB66EF22890F0A00399A49 /* Release */,
			);
			defaultConfigurationIsVisible = 0;
			defaultConfigurationName = Release;
		};
/* End XCConfigurationList section */
	};
	rootObject = ABFB66DE22890F0A00399A49 /* Project object */;
}
